
Microsoft Visual Studio Solution File, Format Version 12.00
# Visual Studio 15
Project("{FAE04EC0-301F-11D3-BF4B-00C04F79EFBC}") = "Assembly-CSharp", "Assembly-CSharp.csproj", "{CF1C8829-1691-0E17-8C70-2F604C14C7B4}"
EndProject
Project("{FAE04EC0-301F-11D3-BF4B-00C04F79EFBC}") = "Assembly-CSharp-Editor", "Assembly-CSharp-Editor.csproj", "{D4C1CC22-3B80-2A74-1A34-3152E548DB6C}"
EndProject
Global
	GlobalSection(SolutionConfigurationPlatforms) = preSolution
		Debug|Any CPU = Debug|Any CPU
		Release|Any CPU = Release|Any CPU
	EndGlobalSection
	GlobalSection(ProjectConfigurationPlatforms) = postSolution
		{CF1C8829-1691-0E17-8C70-2F604C14C7B4}.Debug|Any CPU.ActiveCfg = Debug|Any CPU
		{CF1C8829-1691-0E17-8C70-2F604C14C7B4}.Debug|Any CPU.Build.0 = Debug|Any CPU
		{CF1C8829-1691-0E17-8C70-2F604C14C7B4}.Release|Any CPU.ActiveCfg = Release|Any CPU
		{CF1C8829-1691-0E17-8C70-2F604C14C7B4}.Release|Any CPU.Build.0 = Release|Any CPU
		{D4C1CC22-3B80-2A74-1A34-3152E548DB6C}.Debug|Any CPU.ActiveCfg = Debug|Any CPU
		{D4C1CC22-3B80-2A74-1A34-3152E548DB6C}.Debug|Any CPU.Build.0 = Debug|Any CPU
		{D4C1CC22-3B80-2A74-1A34-3152E548DB6C}.Release|Any CPU.ActiveCfg = Release|Any CPU
		{D4C1CC22-3B80-2A74-1A34-3152E548DB6C}.Release|Any CPU.Build.0 = Release|Any CPU
	EndGlobalSection
	GlobalSection(SolutionProperties) = preSolution
		HideSolutionNode = FALSE
	EndGlobalSection
EndGlobal
